{
  "nodes": {
    "alloc_scan": {
      "inputs": {
        "flake-parts": "flake-parts",
        "nixpkgs": "nixpkgs"
      },
      "locked": {
        "lastModified": 1743866364,
        "narHash": "sha256-QkzOYNBa/eKTXCiAeBAVqAx9MhTBFQ4hLV4CnkMFEHk=",
        "owner": "Blue-Berry",
        "repo": "alloc_scan",
        "rev": "6ac557b5969f12ea491a665ff0658850f6dbc8f2",
        "type": "github"
      },
      "original": {
        "owner": "Blue-Berry",
        "repo": "alloc_scan",
        "type": "github"
      }
    },
    "flake-parts": {
      "inputs": {
        "nixpkgs-lib": "nixpkgs-lib"
      },
      "locked": {
        "lastModified": 1741352980,
        "narHash": "sha256-+u2UunDA4Cl5Fci3m7S643HzKmIDAe+fiXrLqYsR2fs=",
        "owner": "hercules-ci",
        "repo": "flake-parts",
        "rev": "f4330d22f1c5d2ba72d3d22df5597d123fdb60a9",
        "type": "github"
      },
      "original": {
        "owner": "hercules-ci",
        "repo": "flake-parts",
        "type": "github"
      }
    },
    "nixCats": {
      "locked": {
        "lastModified": 1749615682,
        "narHash": "sha256-3T2Yl+xSnx7snXZkMaQNHCvlj0CB+lyAj+Q/+eeh+Ns=",
        "owner": "BirdeeHub",
        "repo": "nixCats-nvim",
        "rev": "c0148957e961100bff3fd213b8a4bc5f669f3028",
        "type": "github"
      },
      "original": {
        "owner": "BirdeeHub",
        "repo": "nixCats-nvim",
        "type": "github"
      }
    },
    "nixpkgs": {
      "inputs": {
        "nixpkgs": "nixpkgs_2"
      },
      "locked": {
        "lastModified": 1742221093,
        "narHash": "sha256-RxGkM8Wj7w/O9ovy6kui500jeWF0U1+q9E6kJqUugEI=",
        "owner": "nix-ocaml",
        "repo": "nix-overlays",
        "rev": "03cfe1301754e1d038a583d4b5efe9e6fd34c262",
        "type": "github"
      },
      "original": {
        "owner": "nix-ocaml",
        "repo": "nix-overlays",
        "type": "github"
      }
    },
    "nixpkgs-lib": {
      "locked": {
        "lastModified": 1740877520,
        "narHash": "sha256-oiwv/ZK/2FhGxrCkQkB83i7GnWXPPLzoqFHpDD3uYpk=",
        "owner": "nix-community",
        "repo": "nixpkgs.lib",
        "rev": "147dee35aab2193b174e4c0868bd80ead5ce755c",
        "type": "github"
      },
      "original": {
        "owner": "nix-community",
        "repo": "nixpkgs.lib",
        "type": "github"
      }
    },
    "nixpkgs_2": {
      "locked": {
        "lastModified": 1742188618,
        "narHash": "sha256-5++gjk41YkGulHQ8CflcHxEg5nxb2PJYQl51wF+JDXc=",
        "owner": "NixOS",
        "repo": "nixpkgs",
        "rev": "c4929d0eb17ec2ddb04a5eb6bdcd57dffa065acd",
        "type": "github"
      },
      "original": {
        "owner": "NixOS",
        "repo": "nixpkgs",
        "rev": "c4929d0eb17ec2ddb04a5eb6bdcd57dffa065acd",
        "type": "github"
      }
    },
    "nixpkgs_3": {
      "locked": {
        "lastModified": 1750215678,
        "narHash": "sha256-Rc/ytpamXRf6z8UA2SGa4aaWxUXRbX2MAWIu2C8M+ok=",
        "owner": "nixos",
        "repo": "nixpkgs",
        "rev": "5395fb3ab3f97b9b7abca147249fa2e8ed27b192",
        "type": "github"
      },
      "original": {
        "owner": "nixos",
        "ref": "nixpkgs-unstable",
        "repo": "nixpkgs",
        "type": "github"
      }
    },
    "plugins-blink-cmp-supermaven": {
      "flake": false,
      "locked": {
        "lastModified": 1743533033,
        "narHash": "sha256-pVu58uzakRdAr89I7e4xotBTr9sd5QWkQQlCs2PeFjg=",
        "owner": "Huijiro",
        "repo": "blink-cmp-supermaven",
        "rev": "635ce12e9e2d2a5a483728ac764d0bc5b57af23b",
        "type": "github"
      },
      "original": {
        "owner": "Huijiro",
        "repo": "blink-cmp-supermaven",
        "type": "github"
      }
    },
    "plugins-colorful-menu-nvim": {
      "flake": false,
      "locked": {
        "lastModified": 1749556264,
        "narHash": "sha256-yijiF8FB9x6bQP4pmXPdaS1qX4Yr1z8mPWp3DFrXQPE=",
        "owner": "Blue-Berry",
        "repo": "colorful-menu.nvim",
        "rev": "a65cbbb00a913d827706cc87a1f972b805d6cd2c",
        "type": "github"
      },
      "original": {
        "owner": "Blue-Berry",
        "repo": "colorful-menu.nvim",
        "type": "github"
      }
    },
    "plugins-nvim-repl": {
      "flake": false,
      "locked": {
        "lastModified": 1746409926,
        "narHash": "sha256-S19JUbE9mX93lbh5Co/Vd196kk+APR6zheIaHq6WdMU=",
        "owner": "pappasam",
        "repo": "nvim-repl",
        "rev": "b2dc92607fd6d1833b9c2bd916eeedcb04cad7de",
        "type": "github"
      },
      "original": {
        "owner": "pappasam",
        "repo": "nvim-repl",
        "type": "github"
      }
    },
    "plugins-ocaml": {
      "flake": false,
      "locked": {
        "lastModified": 1737517714,
        "narHash": "sha256-k3qiV5jVaQMegs5R+s6lmKM6fY2J3nvNUr1eO4fL118=",
        "owner": "tjdevries",
        "repo": "ocaml.nvim",
        "rev": "9320bf553121ff269920510dfe65e9887ce314b5",
        "type": "github"
      },
      "original": {
        "owner": "tjdevries",
        "repo": "ocaml.nvim",
        "type": "github"
      }
    },
    "root": {
      "inputs": {
        "alloc_scan": "alloc_scan",
        "nixCats": "nixCats",
        "nixpkgs": "nixpkgs_3",
        "plugins-blink-cmp-supermaven": "plugins-blink-cmp-supermaven",
        "plugins-colorful-menu-nvim": "plugins-colorful-menu-nvim",
        "plugins-nvim-repl": "plugins-nvim-repl",
        "plugins-ocaml": "plugins-ocaml"
      }
    }
  },
  "root": "root",
  "version": 7
}
