{
  "nodes": {
    "alloc_scan": {
      "inputs": {
        "flake-parts": "flake-parts",
        "nixpkgs": "nixpkgs"
      },
      "locked": {
        "lastModified": 1742475544,
        "narHash": "sha256-ad2lhEnska/2/RbxxM84iF53ucuOW1H2YFLf0YlhW88=",
        "owner": "Blue-Berry",
        "repo": "alloc_scan",
        "rev": "52c3a09b34d15126915df86a63a8b7b73f048bc1",
        "type": "github"
      },
      "original": {
        "owner": "Blue-Berry",
        "repo": "alloc_scan",
        "type": "github"
      }
    },
    "flake-parts": {
      "inputs": {
        "nixpkgs-lib": "nixpkgs-lib"
      },
      "locked": {
        "lastModified": 1741352980,
        "narHash": "sha256-+u2UunDA4Cl5Fci3m7S643HzKmIDAe+fiXrLqYsR2fs=",
        "owner": "hercules-ci",
        "repo": "flake-parts",
        "rev": "f4330d22f1c5d2ba72d3d22df5597d123fdb60a9",
        "type": "github"
      },
      "original": {
        "owner": "hercules-ci",
        "repo": "flake-parts",
        "type": "github"
      }
    },
    "nixCats": {
      "locked": {
        "lastModified": 1743502617,
        "narHash": "sha256-QVJMH7KJT5Ma4AphiiRXEkYDb9C59OKB+q+nCDhWrOo=",
        "owner": "BirdeeHub",
        "repo": "nixCats-nvim",
        "rev": "f0e00b9b3b370f4fc7558001f94b29b2ce75da9a",
        "type": "github"
      },
      "original": {
        "owner": "BirdeeHub",
        "repo": "nixCats-nvim",
        "type": "github"
      }
    },
    "nixpkgs": {
      "inputs": {
        "nixpkgs": "nixpkgs_2"
      },
      "locked": {
        "lastModified": 1742221093,
        "narHash": "sha256-RxGkM8Wj7w/O9ovy6kui500jeWF0U1+q9E6kJqUugEI=",
        "owner": "nix-ocaml",
        "repo": "nix-overlays",
        "rev": "03cfe1301754e1d038a583d4b5efe9e6fd34c262",
        "type": "github"
      },
      "original": {
        "owner": "nix-ocaml",
        "repo": "nix-overlays",
        "type": "github"
      }
    },
    "nixpkgs-lib": {
      "locked": {
        "lastModified": 1740877520,
        "narHash": "sha256-oiwv/ZK/2FhGxrCkQkB83i7GnWXPPLzoqFHpDD3uYpk=",
        "owner": "nix-community",
        "repo": "nixpkgs.lib",
        "rev": "147dee35aab2193b174e4c0868bd80ead5ce755c",
        "type": "github"
      },
      "original": {
        "owner": "nix-community",
        "repo": "nixpkgs.lib",
        "type": "github"
      }
    },
    "nixpkgs_2": {
      "locked": {
        "lastModified": 1742188618,
        "narHash": "sha256-5++gjk41YkGulHQ8CflcHxEg5nxb2PJYQl51wF+JDXc=",
        "owner": "NixOS",
        "repo": "nixpkgs",
        "rev": "c4929d0eb17ec2ddb04a5eb6bdcd57dffa065acd",
        "type": "github"
      },
      "original": {
        "owner": "NixOS",
        "repo": "nixpkgs",
        "rev": "c4929d0eb17ec2ddb04a5eb6bdcd57dffa065acd",
        "type": "github"
      }
    },
    "nixpkgs_3": {
      "locked": {
        "lastModified": 1743441817,
        "narHash": "sha256-+OE03P3u0FRwhS+Ah6EYiwxdS1rcIYlXheuXGM3wP3Q=",
        "owner": "nixos",
        "repo": "nixpkgs",
        "rev": "3eeaa42ef4c19447b48d1c676fe59077dfd0846e",
        "type": "github"
      },
      "original": {
        "owner": "nixos",
        "ref": "nixpkgs-unstable",
        "repo": "nixpkgs",
        "type": "github"
      }
    },
    "plugins-nvim-repl": {
      "flake": false,
      "locked": {
        "lastModified": 1743991740,
        "narHash": "sha256-SOip4vw0ci/YWssqdmxt9KeurFpA8GXmWKDEA0fOtIo=",
        "owner": "pappasam",
        "repo": "nvim-repl",
        "rev": "a20fabb8b40f1c184b9eb49f598e94defd8685d3",
        "type": "github"
      },
      "original": {
        "owner": "pappasam",
        "repo": "nvim-repl",
        "type": "github"
      }
    },
    "plugins-ocaml": {
      "flake": false,
      "locked": {
        "lastModified": 1737517714,
        "narHash": "sha256-k3qiV5jVaQMegs5R+s6lmKM6fY2J3nvNUr1eO4fL118=",
        "owner": "tjdevries",
        "repo": "ocaml.nvim",
        "rev": "9320bf553121ff269920510dfe65e9887ce314b5",
        "type": "github"
      },
      "original": {
        "owner": "tjdevries",
        "repo": "ocaml.nvim",
        "type": "github"
      }
    },
    "root": {
      "inputs": {
        "alloc_scan": "alloc_scan",
        "nixCats": "nixCats",
        "nixpkgs": "nixpkgs_3",
        "plugins-nvim-repl": "plugins-nvim-repl",
        "plugins-ocaml": "plugins-ocaml"
      }
    }
  },
  "root": "root",
  "version": 7
}
